PODS:
  - Capacitor (7.4.4):
    - CapacitorCordova
  - CapacitorCommunityBluetoothLe (7.3.0):
    - Capacitor
  - CapacitorCordova (7.4.4)
  - CapacitorSplashScreen (8.0.0):
    - Capacitor

DEPENDENCIES:
  - "Capacitor (from `../../node_modules/@capacitor/ios`)"
  - "CapacitorCommunityBluetoothLe (from `../../node_modules/@capacitor-community/bluetooth-le`)"
  - "CapacitorCordova (from `../../node_modules/@capacitor/ios`)"
  - "CapacitorSplashScreen (from `../../node_modules/@capacitor/splash-screen`)"

EXTERNAL SOURCES:
  Capacitor:
    :path: "../../node_modules/@capacitor/ios"
  CapacitorCommunityBluetoothLe:
    :path: "../../node_modules/@capacitor-community/bluetooth-le"
  CapacitorCordova:
    :path: "../../node_modules/@capacitor/ios"
  CapacitorSplashScreen:
    :path: "../../node_modules/@capacitor/splash-screen"

SPEC CHECKSUMS:
  Capacitor: 358dd1c3fdd71d969547b17e159fd8a7736cb45f
  CapacitorCommunityBluetoothLe: 41f9dec8a4c16ab6b81e56402b6047fc19b4735d
  CapacitorCordova: bf648a636f3c153f652d312ae145fb508b6ffced
  CapacitorSplashScreen: 422880d7117605c30699eb4b21644b62db42e86c

PODFILE CHECKSUM: 51dbfb9b81528fe53fbabfcaebe0e10f42a6737a

COCOAPODS: 1.16.2
